{
  "requires": true,
  "lockfileVersion": 1,
  "dependencies": {
    "cytoscape-panzoom": {
      "version": "2.5.3",
      "resolved": "https://registry.npmjs.org/cytoscape-panzoom/-/cytoscape-panzoom-2.5.3.tgz",
      "integrity": "sha512-//qLOqbbFUCGddarNKHDZArItOJHgnkQ1TvxI9nV2/8aOOl/5wuEOHmra3fL/aWSjB4AYpYTG4LX7w96uWfRTQ==",
      "requires": {
        "jquery": "^1.4 || ^2.0 || ^3.0"
      }
    },
    "jquery": {
      "version": "3.7.0",
      "resolved": "https://registry.npmjs.org/jquery/-/jquery-3.7.0.tgz",
      "integrity": "sha512-umpJ0/k8X0MvD1ds0P9SfowREz2LenHsQaxSohMZ5OMNEU2r0tf8pdeEFTHMFxWVxKNyU9rTtK3CWzUCTKJUeQ=="
    }
  }
}
